
Microsoft Visual Studio Solution File, Format Version 12.00
# Visual Studio Version 17
VisualStudioVersion = 17.9.34723.18
MinimumVisualStudioVersion = 10.0.40219.1
Project("{FAE04EC0-301F-11D3-BF4B-00C04F79EFBC}") = "Gummybear", "Gummybear.csproj", "{52AD8525-668D-44D3-8C30-C33D013DEDED}"
EndProject
Global
	GlobalSection(SolutionConfigurationPlatforms) = preSolution
		Debug|Any CPU = Debug|Any CPU
		Release|Any CPU = Release|Any CPU
	EndGlobalSection
	GlobalSection(ProjectConfigurationPlatforms) = postSolution
		{52AD8525-668D-44D3-8C30-C33D013DEDED}.Debug|Any CPU.ActiveCfg = Debug|Any CPU
		{52AD8525-668D-44D3-8C30-C33D013DEDED}.Debug|Any CPU.Build.0 = Debug|Any CPU
		{52AD8525-668D-44D3-8C30-C33D013DEDED}.Release|Any CPU.ActiveCfg = Release|Any CPU
		{52AD8525-668D-44D3-8C30-C33D013DEDED}.Release|Any CPU.Build.0 = Release|Any CPU
	EndGlobalSection
	GlobalSection(SolutionProperties) = preSolution
		HideSolutionNode = FALSE
	EndGlobalSection
	GlobalSection(ExtensibilityGlobals) = postSolution
		SolutionGuid = {45037886-BFE3-4F75-9E01-4D1B395736D1}
	EndGlobalSection
EndGlobal
